
Microsoft Visual Studio Solution File, Format Version 12.00
# Visual Studio Version 16
VisualStudioVersion = 16.0.29418.71
MinimumVisualStudioVersion = 10.0.40219.1
Project("{8BC9CEB8-8B4A-11D0-8D11-00A0C91BC942}") = "powerinjectRunner", "powerinjectRunner\powerinjectRunner.vcxproj", "{D886FD22-EA0C-473D-9354-061E77092154}"
EndProject
Project("{8BC9CEB8-8B4A-11D0-8D11-00A0C91BC942}") = "bootstrap", "bootstrap\bootstrap.vcxproj", "{88A34429-0358-4FC3-9EAF-EC519FF4C9B3}"
EndProject
Project("{FAE04EC0-301F-11D3-BF4B-00C04F79EFBC}") = "injected", "injected\injected.csproj", "{127A2809-65BF-4FDC-9982-CFC8C63A73A8}"
EndProject
Global
	GlobalSection(SolutionConfigurationPlatforms) = preSolution
		Debug|x64 = Debug|x64
		Debug|x86 = Debug|x86
		Release|x64 = Release|x64
		Release|x86 = Release|x86
	EndGlobalSection
	GlobalSection(ProjectConfigurationPlatforms) = postSolution
		{D886FD22-EA0C-473D-9354-061E77092154}.Debug|x64.ActiveCfg = Debug|x64
		{D886FD22-EA0C-473D-9354-061E77092154}.Debug|x64.Build.0 = Debug|x64
		{D886FD22-EA0C-473D-9354-061E77092154}.Debug|x86.ActiveCfg = Debug|Win32
		{D886FD22-EA0C-473D-9354-061E77092154}.Debug|x86.Build.0 = Debug|Win32
		{D886FD22-EA0C-473D-9354-061E77092154}.Release|x64.ActiveCfg = Release|x64
		{D886FD22-EA0C-473D-9354-061E77092154}.Release|x64.Build.0 = Release|x64
		{D886FD22-EA0C-473D-9354-061E77092154}.Release|x86.ActiveCfg = Release|Win32
		{D886FD22-EA0C-473D-9354-061E77092154}.Release|x86.Build.0 = Release|Win32
		{88A34429-0358-4FC3-9EAF-EC519FF4C9B3}.Debug|x64.ActiveCfg = Debug|x64
		{88A34429-0358-4FC3-9EAF-EC519FF4C9B3}.Debug|x64.Build.0 = Debug|x64
		{88A34429-0358-4FC3-9EAF-EC519FF4C9B3}.Debug|x86.ActiveCfg = Debug|Win32
		{88A34429-0358-4FC3-9EAF-EC519FF4C9B3}.Debug|x86.Build.0 = Debug|Win32
		{88A34429-0358-4FC3-9EAF-EC519FF4C9B3}.Release|x64.ActiveCfg = Release|x64
		{88A34429-0358-4FC3-9EAF-EC519FF4C9B3}.Release|x64.Build.0 = Release|x64
		{88A34429-0358-4FC3-9EAF-EC519FF4C9B3}.Release|x86.ActiveCfg = Release|Win32
		{88A34429-0358-4FC3-9EAF-EC519FF4C9B3}.Release|x86.Build.0 = Release|Win32
		{127A2809-65BF-4FDC-9982-CFC8C63A73A8}.Debug|x64.ActiveCfg = Debug|x64
		{127A2809-65BF-4FDC-9982-CFC8C63A73A8}.Debug|x64.Build.0 = Debug|x64
		{127A2809-65BF-4FDC-9982-CFC8C63A73A8}.Debug|x86.ActiveCfg = Debug|x86
		{127A2809-65BF-4FDC-9982-CFC8C63A73A8}.Debug|x86.Build.0 = Debug|x86
		{127A2809-65BF-4FDC-9982-CFC8C63A73A8}.Release|x64.ActiveCfg = Release|x64
		{127A2809-65BF-4FDC-9982-CFC8C63A73A8}.Release|x64.Build.0 = Release|x64
		{127A2809-65BF-4FDC-9982-CFC8C63A73A8}.Release|x86.ActiveCfg = Release|x86
		{127A2809-65BF-4FDC-9982-CFC8C63A73A8}.Release|x86.Build.0 = Release|x86
	EndGlobalSection
	GlobalSection(SolutionProperties) = preSolution
		HideSolutionNode = FALSE
	EndGlobalSection
	GlobalSection(ExtensibilityGlobals) = postSolution
		SolutionGuid = {134C6FE6-AF36-48B4-99D4-48B71C984C0F}
	EndGlobalSection
EndGlobal
